
Microsoft Visual Studio Solution File, Format Version 11.00
# Visual Studio 2010
Project("{FAE04EC0-301F-11D3-BF4B-00C04F79EFBC}") = "VisualSPH_GUI", "VisualSPH_GUI\VisualSPH_GUI.csproj", "{4FF00E1F-793D-42DC-B49C-2664149FF5C2}"
EndProject
Project("{8BC9CEB8-8B4A-11D0-8D11-00A0C91BC942}") = "Render", "Render\Render_2010.vcxproj", "{D3D1000A-96D0-4629-88B8-122C0256058C}"
EndProject
Global
	GlobalSection(SubversionScc) = preSolution
		Svn-Managed = True
		Manager = AnkhSVN - Subversion Support for Visual Studio
	EndGlobalSection
	GlobalSection(SolutionConfigurationPlatforms) = preSolution
		Debug|Mixed Platforms = Debug|Mixed Platforms
		Debug|Win32 = Debug|Win32
		Debug|x64 = Debug|x64
		Debug|x86 = Debug|x86
		Profile|Mixed Platforms = Profile|Mixed Platforms
		Profile|Win32 = Profile|Win32
		Profile|x64 = Profile|x64
		Profile|x86 = Profile|x86
		Release|Mixed Platforms = Release|Mixed Platforms
		Release|Win32 = Release|Win32
		Release|x64 = Release|x64
		Release|x86 = Release|x86
	EndGlobalSection
	GlobalSection(ProjectConfigurationPlatforms) = postSolution
		{4FF00E1F-793D-42DC-B49C-2664149FF5C2}.Debug|Mixed Platforms.ActiveCfg = Debug|x86
		{4FF00E1F-793D-42DC-B49C-2664149FF5C2}.Debug|Mixed Platforms.Build.0 = Debug|x86
		{4FF00E1F-793D-42DC-B49C-2664149FF5C2}.Debug|Win32.ActiveCfg = Debug|x86
		{4FF00E1F-793D-42DC-B49C-2664149FF5C2}.Debug|Win32.Build.0 = Debug|x86
		{4FF00E1F-793D-42DC-B49C-2664149FF5C2}.Debug|x64.ActiveCfg = Debug|x86
		{4FF00E1F-793D-42DC-B49C-2664149FF5C2}.Debug|x86.ActiveCfg = Debug|x86
		{4FF00E1F-793D-42DC-B49C-2664149FF5C2}.Debug|x86.Build.0 = Debug|x86
		{4FF00E1F-793D-42DC-B49C-2664149FF5C2}.Profile|Mixed Platforms.ActiveCfg = Release|x86
		{4FF00E1F-793D-42DC-B49C-2664149FF5C2}.Profile|Mixed Platforms.Build.0 = Release|x86
		{4FF00E1F-793D-42DC-B49C-2664149FF5C2}.Profile|Win32.ActiveCfg = Release|x86
		{4FF00E1F-793D-42DC-B49C-2664149FF5C2}.Profile|x64.ActiveCfg = Release|x86
		{4FF00E1F-793D-42DC-B49C-2664149FF5C2}.Profile|x86.ActiveCfg = Release|x86
		{4FF00E1F-793D-42DC-B49C-2664149FF5C2}.Profile|x86.Build.0 = Release|x86
		{4FF00E1F-793D-42DC-B49C-2664149FF5C2}.Release|Mixed Platforms.ActiveCfg = Release|x86
		{4FF00E1F-793D-42DC-B49C-2664149FF5C2}.Release|Mixed Platforms.Build.0 = Release|x86
		{4FF00E1F-793D-42DC-B49C-2664149FF5C2}.Release|Win32.ActiveCfg = Release|x86
		{4FF00E1F-793D-42DC-B49C-2664149FF5C2}.Release|x64.ActiveCfg = Release|x86
		{4FF00E1F-793D-42DC-B49C-2664149FF5C2}.Release|x86.ActiveCfg = Release|x86
		{4FF00E1F-793D-42DC-B49C-2664149FF5C2}.Release|x86.Build.0 = Release|x86
		{D3D1000A-96D0-4629-88B8-122C0256058C}.Debug|Mixed Platforms.ActiveCfg = Debug|x64
		{D3D1000A-96D0-4629-88B8-122C0256058C}.Debug|Mixed Platforms.Build.0 = Debug|x64
		{D3D1000A-96D0-4629-88B8-122C0256058C}.Debug|Win32.ActiveCfg = Debug|Win32
		{D3D1000A-96D0-4629-88B8-122C0256058C}.Debug|Win32.Build.0 = Debug|Win32
		{D3D1000A-96D0-4629-88B8-122C0256058C}.Debug|x64.ActiveCfg = Debug|x64
		{D3D1000A-96D0-4629-88B8-122C0256058C}.Debug|x64.Build.0 = Debug|x64
		{D3D1000A-96D0-4629-88B8-122C0256058C}.Debug|x86.ActiveCfg = Debug|Win32
		{D3D1000A-96D0-4629-88B8-122C0256058C}.Debug|x86.Build.0 = Debug|Win32
		{D3D1000A-96D0-4629-88B8-122C0256058C}.Profile|Mixed Platforms.ActiveCfg = Profile|x64
		{D3D1000A-96D0-4629-88B8-122C0256058C}.Profile|Mixed Platforms.Build.0 = Profile|x64
		{D3D1000A-96D0-4629-88B8-122C0256058C}.Profile|Win32.ActiveCfg = Profile|Win32
		{D3D1000A-96D0-4629-88B8-122C0256058C}.Profile|Win32.Build.0 = Profile|Win32
		{D3D1000A-96D0-4629-88B8-122C0256058C}.Profile|x64.ActiveCfg = Profile|x64
		{D3D1000A-96D0-4629-88B8-122C0256058C}.Profile|x64.Build.0 = Profile|x64
		{D3D1000A-96D0-4629-88B8-122C0256058C}.Profile|x86.ActiveCfg = Profile|x64
		{D3D1000A-96D0-4629-88B8-122C0256058C}.Release|Mixed Platforms.ActiveCfg = Release|x64
		{D3D1000A-96D0-4629-88B8-122C0256058C}.Release|Mixed Platforms.Build.0 = Release|x64
		{D3D1000A-96D0-4629-88B8-122C0256058C}.Release|Win32.ActiveCfg = Release|Win32
		{D3D1000A-96D0-4629-88B8-122C0256058C}.Release|Win32.Build.0 = Release|Win32
		{D3D1000A-96D0-4629-88B8-122C0256058C}.Release|x64.ActiveCfg = Release|x64
		{D3D1000A-96D0-4629-88B8-122C0256058C}.Release|x64.Build.0 = Release|x64
		{D3D1000A-96D0-4629-88B8-122C0256058C}.Release|x86.ActiveCfg = Release|x64
	EndGlobalSection
	GlobalSection(SolutionProperties) = preSolution
		HideSolutionNode = FALSE
	EndGlobalSection
EndGlobal
